
Microsoft Visual Studio Solution File, Format Version 12.00
# Visual Studio Version 17
VisualStudioVersion = 17.2.32616.157
MinimumVisualStudioVersion = 10.0.40219.1
Project("{2150E333-8FDC-42A3-9474-1A3956D46DE8}") = "RealWorldUnitTest", "RealWorldUnitTest", "{4DE6C2EB-9E04-4623-9022-CBD5DBE1EAE6}"
EndProject
Project("{FAE04EC0-301F-11D3-BF4B-00C04F79EFBC}") = "RealWorldUnitTest.Web", "RealWorldUnitTest\RealWorldUnitTest.Web\RealWorldUnitTest.Web.csproj", "{179C5C50-FFF6-40FB-BED6-EF806CB654B9}"
EndProject
Project("{FAE04EC0-301F-11D3-BF4B-00C04F79EFBC}") = "RealWorldUnitTest.Test", "RealWorldUnitTest\RealWorldUnitTest.Test\RealWorldUnitTest.Test.csproj", "{352AFA71-7F38-460F-AD11-D516B72EE3B0}"
EndProject
Project("{2150E333-8FDC-42A3-9474-1A3956D46DE8}") = "UnitTestDatabaseExample", "UnitTestDatabaseExample", "{D9A92D88-2BC8-41B2-B78C-2EEC05C0A14B}"
EndProject
Global
	GlobalSection(SolutionConfigurationPlatforms) = preSolution
		Debug|Any CPU = Debug|Any CPU
		Release|Any CPU = Release|Any CPU
	EndGlobalSection
	GlobalSection(ProjectConfigurationPlatforms) = postSolution
		{179C5C50-FFF6-40FB-BED6-EF806CB654B9}.Debug|Any CPU.ActiveCfg = Debug|Any CPU
		{179C5C50-FFF6-40FB-BED6-EF806CB654B9}.Debug|Any CPU.Build.0 = Debug|Any CPU
		{179C5C50-FFF6-40FB-BED6-EF806CB654B9}.Release|Any CPU.ActiveCfg = Release|Any CPU
		{179C5C50-FFF6-40FB-BED6-EF806CB654B9}.Release|Any CPU.Build.0 = Release|Any CPU
		{352AFA71-7F38-460F-AD11-D516B72EE3B0}.Debug|Any CPU.ActiveCfg = Debug|Any CPU
		{352AFA71-7F38-460F-AD11-D516B72EE3B0}.Debug|Any CPU.Build.0 = Debug|Any CPU
		{352AFA71-7F38-460F-AD11-D516B72EE3B0}.Release|Any CPU.ActiveCfg = Release|Any CPU
		{352AFA71-7F38-460F-AD11-D516B72EE3B0}.Release|Any CPU.Build.0 = Release|Any CPU
	EndGlobalSection
	GlobalSection(SolutionProperties) = preSolution
		HideSolutionNode = FALSE
	EndGlobalSection
	GlobalSection(NestedProjects) = preSolution
		{179C5C50-FFF6-40FB-BED6-EF806CB654B9} = {4DE6C2EB-9E04-4623-9022-CBD5DBE1EAE6}
		{352AFA71-7F38-460F-AD11-D516B72EE3B0} = {4DE6C2EB-9E04-4623-9022-CBD5DBE1EAE6}
	EndGlobalSection
	GlobalSection(ExtensibilityGlobals) = postSolution
		SolutionGuid = {9C1642F6-F5C4-4AAD-BF3B-C86D668BE271}
	EndGlobalSection
EndGlobal
